// !$*UTF8*$!
{
	archiveVersion = 1;
	classes = {
	};
	objectVersion = 46;
	objects = {

/* Begin PBXBuildFile section */
		472AF4CEDB969EEED30DBA65 /* Pods_Demolition_Derby.framework in Frameworks */ = {isa = PBXBuildFile; fileRef = C5FF32F78B43AC3A313564A1 /* Pods_Demolition_Derby.framework */; };
		AF22AF161CC2AE4F00B7B1F6 /* DemolitionDerby.scnassets in Resources */ = {isa = PBXBuildFile; fileRef = AF22AF151CC2AE4F00B7B1F6 /* DemolitionDerby.scnassets */; };
		AF52FA8A1CC29B2D00646CAD /* AppDelegate.swift in Sources */ = {isa = PBXBuildFile; fileRef = AF52FA891CC29B2D00646CAD /* AppDelegate.swift */; };
		AF52FA8C1CC29B2D00646CAD /* ViewController.swift in Sources */ = {isa = PBXBuildFile; fileRef = AF52FA8B1CC29B2D00646CAD /* ViewController.swift */; };
		AF52FA8F1CC29B2D00646CAD /* Main.storyboard in Resources */ = {isa = PBXBuildFile; fileRef = AF52FA8D1CC29B2D00646CAD /* Main.storyboard */; };
		AF52FA911CC29B2D00646CAD /* Assets.xcassets in Resources */ = {isa = PBXBuildFile; fileRef = AF52FA901CC29B2D00646CAD /* Assets.xcassets */; };
		AF52FA941CC29B2D00646CAD /* LaunchScreen.storyboard in Resources */ = {isa = PBXBuildFile; fileRef = AF52FA921CC29B2D00646CAD /* LaunchScreen.storyboard */; };
/* End PBXBuildFile section */

/* Begin PBXFileReference section */
		2E3D7CB7EC5D90D110D1DD19 /* Pods-Demolition Derby.release.xcconfig */ = {isa = PBXFileReference; includeInIndex = 1; lastKnownFileType = text.xcconfig; name = "Pods-Demolition Derby.release.xcconfig"; path = "Pods/Target Support Files/Pods-Demolition Derby/Pods-Demolition Derby.release.xcconfig"; sourceTree = "<group>"; };
		714CA3EC0ABC1B8BC828E9B1 /* Pods-Demolition Derby.debug.xcconfig */ = {isa = PBXFileReference; includeInIndex = 1; lastKnownFileType = text.xcconfig; name = "Pods-Demolition Derby.debug.xcconfig"; path = "Pods/Target Support Files/Pods-Demolition Derby/Pods-Demolition Derby.debug.xcconfig"; sourceTree = "<group>"; };
		AF22AF151CC2AE4F00B7B1F6 /* DemolitionDerby.scnassets */ = {isa = PBXFileReference; lastKnownFileType = wrapper.scnassets; path = DemolitionDerby.scnassets; sourceTree = "<group>"; };
		AF52FA861CC29B2D00646CAD /* Demolition Derby.app */ = {isa = PBXFileReference; explicitFileType = wrapper.application; includeInIndex = 0; path = "Demolition Derby.app"; sourceTree = BUILT_PRODUCTS_DIR; };
		AF52FA891CC29B2D00646CAD /* AppDelegate.swift */ = {isa = PBXFileReference; lastKnownFileType = sourcecode.swift; path = AppDelegate.swift; sourceTree = "<group>"; };
		AF52FA8B1CC29B2D00646CAD /* ViewController.swift */ = {isa = PBXFileReference; lastKnownFileType = sourcecode.swift; path = ViewController.swift; sourceTree = "<group>"; };
		AF52FA8E1CC29B2D00646CAD /* Base */ = {isa = PBXFileReference; lastKnownFileType = file.storyboard; name = Base; path = Base.lproj/Main.storyboard; sourceTree = "<group>"; };
		AF52FA901CC29B2D00646CAD /* Assets.xcassets */ = {isa = PBXFileReference; lastKnownFileType = folder.assetcatalog; path = Assets.xcassets; sourceTree = "<group>"; };
		AF52FA931CC29B2D00646CAD /* Base */ = {isa = PBXFileReference; lastKnownFileType = file.storyboard; name = Base; path = Base.lproj/LaunchScreen.storyboard; sourceTree = "<group>"; };
		AF52FA951CC29B2D00646CAD /* Info.plist */ = {isa = PBXFileReference; lastKnownFileType = text.plist.xml; path = Info.plist; sourceTree = "<group>"; };
		C5FF32F78B43AC3A313564A1 /* Pods_Demolition_Derby.framework */ = {isa = PBXFileReference; explicitFileType = wrapper.framework; includeInIndex = 0; path = Pods_Demolition_Derby.framework; sourceTree = BUILT_PRODUCTS_DIR; };
/* End PBXFileReference section */

/* Begin PBXFrameworksBuildPhase section */
		AF52FA831CC29B2D00646CAD /* Frameworks */ = {
			isa = PBXFrameworksBuildPhase;
			buildActionMask = 2147483647;
			files = (
				472AF4CEDB969EEED30DBA65 /* Pods_Demolition_Derby.framework in Frameworks */,
			);
			runOnlyForDeploymentPostprocessing = 0;
		};
/* End PBXFrameworksBuildPhase section */

/* Begin PBXGroup section */
		31052776255F3ECDE424DCCC /* Pods */ = {
			isa = PBXGroup;
			children = (
				714CA3EC0ABC1B8BC828E9B1 /* Pods-Demolition Derby.debug.xcconfig */,
				2E3D7CB7EC5D90D110D1DD19 /* Pods-Demolition Derby.release.xcconfig */,
			);
			name = Pods;
			sourceTree = "<group>";
		};
		7D1CA3CEB8209597D8663325 /* Frameworks */ = {
			isa = PBXGroup;
			children = (
				C5FF32F78B43AC3A313564A1 /* Pods_Demolition_Derby.framework */,
			);
			name = Frameworks;
			sourceTree = "<group>";
		};
		AF52FA7D1CC29B2D00646CAD = {
			isa = PBXGroup;
			children = (
				AF52FA881CC29B2D00646CAD /* Demolition Derby */,
				AF52FA871CC29B2D00646CAD /* Products */,
				31052776255F3ECDE424DCCC /* Pods */,
				7D1CA3CEB8209597D8663325 /* Frameworks */,
			);
			sourceTree = "<group>";
		};
		AF52FA871CC29B2D00646CAD /* Products */ = {
			isa = PBXGroup;
			children = (
				AF52FA861CC29B2D00646CAD /* Demolition Derby.app */,
			);
			name = Products;
			sourceTree = "<group>";
		};
		AF52FA881CC29B2D00646CAD /* Demolition Derby */ = {
			isa = PBXGroup;
			children = (
				AF52FA891CC29B2D00646CAD /* AppDelegate.swift */,
				AF52FA8B1CC29B2D00646CAD /* ViewController.swift */,
				AF52FA8D1CC29B2D00646CAD /* Main.storyboard */,
				AF52FA901CC29B2D00646CAD /* Assets.xcassets */,
				AF52FA921CC29B2D00646CAD /* LaunchScreen.storyboard */,
				AF52FA951CC29B2D00646CAD /* Info.plist */,
				AF22AF151CC2AE4F00B7B1F6 /* DemolitionDerby.scnassets */,
			);
			path = "Demolition Derby";
			sourceTree = "<group>";
		};
/* End PBXGroup section */

/* Begin PBXNativeTarget section */
		AF52FA851CC29B2D00646CAD /* Demolition Derby */ = {
			isa = PBXNativeTarget;
			buildConfigurationList = AF52FA981CC29B2D00646CAD /* Build configuration list for PBXNativeTarget "Demolition Derby" */;
			buildPhases = (
				C7CD833BCA912D4E1DCA4564 /* Check Pods Manifest.lock */,
				AF52FA821CC29B2D00646CAD /* Sources */,
				AF52FA831CC29B2D00646CAD /* Frameworks */,
				AF52FA841CC29B2D00646CAD /* Resources */,
				B7CAB2C3B1CE4764034FB5AC /* Embed Pods Frameworks */,
				CC9767322FCBF0A50AB3806D /* Copy Pods Resources */,
			);
			buildRules = (
			);
			dependencies = (
			);
			name = "Demolition Derby";
			productName = "Demolition Derby";
			productReference = AF52FA861CC29B2D00646CAD /* Demolition Derby.app */;
			productType = "com.apple.product-type.application";
		};
/* End PBXNativeTarget section */

/* Begin PBXProject section */
		AF52FA7E1CC29B2D00646CAD /* Project object */ = {
			isa = PBXProject;
			attributes = {
				LastSwiftUpdateCheck = 0730;
				LastUpgradeCheck = 0730;
				ORGANIZATIONNAME = "Brody Eller";
				TargetAttributes = {
					AF52FA851CC29B2D00646CAD = {
						CreatedOnToolsVersion = 7.3;
						DevelopmentTeam = 8F953382X7;
					};
				};
			};
			buildConfigurationList = AF52FA811CC29B2D00646CAD /* Build configuration list for PBXProject "Demolition Derby" */;
			compatibilityVersion = "Xcode 3.2";
			developmentRegion = English;
			hasScannedForEncodings = 0;
			knownRegions = (
				en,
				Base,
			);
			mainGroup = AF52FA7D1CC29B2D00646CAD;
			productRefGroup = AF52FA871CC29B2D00646CAD /* Products */;
			projectDirPath = "";
			projectRoot = "";
			targets = (
				AF52FA851CC29B2D00646CAD /* Demolition Derby */,
			);
		};
/* End PBXProject section */

/* Begin PBXResourcesBuildPhase section */
		AF52FA841CC29B2D00646CAD /* Resources */ = {
			isa = PBXResourcesBuildPhase;
			buildActionMask = 2147483647;
			files = (
				AF52FA941CC29B2D00646CAD /* LaunchScreen.storyboard in Resources */,
				AF22AF161CC2AE4F00B7B1F6 /* DemolitionDerby.scnassets in Resources */,
				AF52FA911CC29B2D00646CAD /* Assets.xcassets in Resources */,
				AF52FA8F1CC29B2D00646CAD /* Main.storyboard in Resources */,
			);
			runOnlyForDeploymentPostprocessing = 0;
		};
/* End PBXResourcesBuildPhase section */

/* Begin PBXShellScriptBuildPhase section */
		B7CAB2C3B1CE4764034FB5AC /* Embed Pods Frameworks */ = {
			isa = PBXShellScriptBuildPhase;
			buildActionMask = 2147483647;
			files = (
			);
			inputPaths = (
			);
			name = "Embed Pods Frameworks";
			outputPaths = (
			);
			runOnlyForDeploymentPostprocessing = 0;
			shellPath = /bin/sh;
			shellScript = "\"${SRCROOT}/Pods/Target Support Files/Pods-Demolition Derby/Pods-Demolition Derby-frameworks.sh\"\n";
			showEnvVarsInLog = 0;
		};
		C7CD833BCA912D4E1DCA4564 /* Check Pods Manifest.lock */ = {
			isa = PBXShellScriptBuildPhase;
			buildActionMask = 2147483647;
			files = (
			);
			inputPaths = (
			);
			name = "Check Pods Manifest.lock";
			outputPaths = (
			);
			runOnlyForDeploymentPostprocessing = 0;
			shellPath = /bin/sh;
			shellScript = "diff \"${PODS_ROOT}/../Podfile.lock\" \"${PODS_ROOT}/Manifest.lock\" > /dev/null\nif [[ $? != 0 ]] ; then\n    cat << EOM\nerror: The sandbox is not in sync with the Podfile.lock. Run 'pod install' or update your CocoaPods installation.\nEOM\n    exit 1\nfi\n";
			showEnvVarsInLog = 0;
		};
		CC9767322FCBF0A50AB3806D /* Copy Pods Resources */ = {
			isa = PBXShellScriptBuildPhase;
			buildActionMask = 2147483647;
			files = (
			);
			inputPaths = (
			);
			name = "Copy Pods Resources";
			outputPaths = (
			);
			runOnlyForDeploymentPostprocessing = 0;
			shellPath = /bin/sh;
			shellScript = "\"${SRCROOT}/Pods/Target Support Files/Pods-Demolition Derby/Pods-Demolition Derby-resources.sh\"\n";
			showEnvVarsInLog = 0;
		};
/* End PBXShellScriptBuildPhase section */

/* Begin PBXSourcesBuildPhase section */
		AF52FA821CC29B2D00646CAD /* Sources */ = {
			isa = PBXSourcesBuildPhase;
			buildActionMask = 2147483647;
			files = (
				AF52FA8C1CC29B2D00646CAD /* ViewController.swift in Sources */,
				AF52FA8A1CC29B2D00646CAD /* AppDelegate.swift in Sources */,
			);
			runOnlyForDeploymentPostprocessing = 0;
		};
/* End PBXSourcesBuildPhase section */

/* Begin PBXVariantGroup section */
		AF52FA8D1CC29B2D00646CAD /* Main.storyboard */ = {
			isa = PBXVariantGroup;
			children = (
				AF52FA8E1CC29B2D00646CAD /* Base */,
			);
			name = Main.storyboard;
			sourceTree = "<group>";
		};
		AF52FA921CC29B2D00646CAD /* LaunchScreen.storyboard */ = {
			isa = PBXVariantGroup;
			children = (
				AF52FA931CC29B2D00646CAD /* Base */,
			);
			name = LaunchScreen.storyboard;
			sourceTree = "<group>";
		};
/* End PBXVariantGroup section */

/* Begin XCBuildConfiguration section */
		AF52FA961CC29B2D00646CAD /* Debug */ = {
			isa = XCBuildConfiguration;
			buildSettings = {
				ALWAYS_SEARCH_USER_PATHS = NO;
				CLANG_ANALYZER_NONNULL = YES;
				CLANG_CXX_LANGUAGE_STANDARD = "gnu++0x";
				CLANG_CXX_LIBRARY = "libc++";
				CLANG_ENABLE_MODULES = YES;
				CLANG_ENABLE_OBJC_ARC = YES;
				CLANG_WARN_BOOL_CONVERSION = YES;
				CLANG_WARN_CONSTANT_CONVERSION = YES;
				CLANG_WARN_DIRECT_OBJC_ISA_USAGE = YES_ERROR;
				CLANG_WARN_EMPTY_BODY = YES;
				CLANG_WARN_ENUM_CONVERSION = YES;
				CLANG_WARN_INT_CONVERSION = YES;
				CLANG_WARN_OBJC_ROOT_CLASS = YES_ERROR;
				CLANG_WARN_UNREACHABLE_CODE = YES;
				CLANG_WARN__DUPLICATE_METHOD_MATCH = YES;
				"CODE_SIGN_IDENTITY[sdk=iphoneos*]" = "iPhone Developer";
				COPY_PHASE_STRIP = NO;
				DEBUG_INFORMATION_FORMAT = dwarf;
				ENABLE_STRICT_OBJC_MSGSEND = YES;
				ENABLE_TESTABILITY = YES;
				GCC_C_LANGUAGE_STANDARD = gnu99;
				GCC_DYNAMIC_NO_PIC = NO;
				GCC_NO_COMMON_BLOCKS = YES;
				GCC_OPTIMIZATION_LEVEL = 0;
				GCC_PREPROCESSOR_DEFINITIONS = (
					"DEBUG=1",
					"$(inherited)",
				);
				GCC_WARN_64_TO_32_BIT_CONVERSION = YES;
				GCC_WARN_ABOUT_RETURN_TYPE = YES_ERROR;
				GCC_WARN_UNDECLARED_SELECTOR = YES;
				GCC_WARN_UNINITIALIZED_AUTOS = YES_AGGRESSIVE;
				GCC_WARN_UNUSED_FUNCTION = YES;
				GCC_WARN_UNUSED_VARIABLE = YES;
				IPHONEOS_DEPLOYMENT_TARGET = 9.3;
				MTL_ENABLE_DEBUG_INFO = YES;
				ONLY_ACTIVE_ARCH = YES;
				SDKROOT = iphoneos;
				SWIFT_OPTIMIZATION_LEVEL = "-Onone";
				TARGETED_DEVICE_FAMILY = "1,2";
			};
			name = Debug;
		};
		AF52FA971CC29B2D00646CAD /* Release */ = {
			isa = XCBuildConfiguration;
			buildSettings = {
				ALWAYS_SEARCH_USER_PATHS = NO;
				CLANG_ANALYZER_NONNULL = YES;
				CLANG_CXX_LANGUAGE_STANDARD = "gnu++0x";
				CLANG_CXX_LIBRARY = "libc++";
				CLANG_ENABLE_MODULES = YES;
				CLANG_ENABLE_OBJC_ARC = YES;
				CLANG_WARN_BOOL_CONVERSION = YES;
				CLANG_WARN_CONSTANT_CONVERSION = YES;
				CLANG_WARN_DIRECT_OBJC_ISA_USAGE = YES_ERROR;
				CLANG_WARN_EMPTY_BODY = YES;
				CLANG_WARN_ENUM_CONVERSION = YES;
				CLANG_WARN_INT_CONVERSION = YES;
				CLANG_WARN_OBJC_ROOT_CLASS = YES_ERROR;
				CLANG_WARN_UNREACHABLE_CODE = YES;
				CLANG_WARN__DUPLICATE_METHOD_MATCH = YES;
				"CODE_SIGN_IDENTITY[sdk=iphoneos*]" = "iPhone Developer";
				COPY_PHASE_STRIP = NO;
				DEBUG_INFORMATION_FORMAT = "dwarf-with-dsym";
				ENABLE_NS_ASSERTIONS = NO;
				ENABLE_STRICT_OBJC_MSGSEND = YES;
				GCC_C_LANGUAGE_STANDARD = gnu99;
				GCC_NO_COMMON_BLOCKS = YES;
				GCC_WARN_64_TO_32_BIT_CONVERSION = YES;
				GCC_WARN_ABOUT_RETURN_TYPE = YES_ERROR;
				GCC_WARN_UNDECLARED_SELECTOR = YES;
				GCC_WARN_UNINITIALIZED_AUTOS = YES_AGGRESSIVE;
				GCC_WARN_UNUSED_FUNCTION = YES;
				GCC_WARN_UNUSED_VARIABLE = YES;
				IPHONEOS_DEPLOYMENT_TARGET = 9.3;
				MTL_ENABLE_DEBUG_INFO = NO;
				SDKROOT = iphoneos;
				TARGETED_DEVICE_FAMILY = "1,2";
				VALIDATE_PRODUCT = YES;
			};
			name = Release;
		};
		AF52FA991CC29B2D00646CAD /* Debug */ = {
			isa = XCBuildConfiguration;
			baseConfigurationReference = 714CA3EC0ABC1B8BC828E9B1 /* Pods-Demolition Derby.debug.xcconfig */;
			buildSettings = {
				ASSETCATALOG_COMPILER_APPICON_NAME = AppIcon;
				INFOPLIST_FILE = "Demolition Derby/Info.plist";
				LD_RUNPATH_SEARCH_PATHS = "$(inherited) @executable_path/Frameworks";
				PRODUCT_BUNDLE_IDENTIFIER = "com.brodyeller.Demolition-Derby";
				PRODUCT_NAME = "$(TARGET_NAME)";
			};
			name = Debug;
		};
		AF52FA9A1CC29B2D00646CAD /* Release */ = {
			isa = XCBuildConfiguration;
			baseConfigurationReference = 2E3D7CB7EC5D90D110D1DD19 /* Pods-Demolition Derby.release.xcconfig */;
			buildSettings = {
				ASSETCATALOG_COMPILER_APPICON_NAME = AppIcon;
				INFOPLIST_FILE = "Demolition Derby/Info.plist";
				LD_RUNPATH_SEARCH_PATHS = "$(inherited) @executable_path/Frameworks";
				PRODUCT_BUNDLE_IDENTIFIER = "com.brodyeller.Demolition-Derby";
				PRODUCT_NAME = "$(TARGET_NAME)";
			};
			name = Release;
		};
/* End XCBuildConfiguration section */

/* Begin XCConfigurationList section */
		AF52FA811CC29B2D00646CAD /* Build configuration list for PBXProject "Demolition Derby" */ = {
			isa = XCConfigurationList;
			buildConfigurations = (
				AF52FA961CC29B2D00646CAD /* Debug */,
				AF52FA971CC29B2D00646CAD /* Release */,
			);
			defaultConfigurationIsVisible = 0;
			defaultConfigurationName = Release;
		};
		AF52FA981CC29B2D00646CAD /* Build configuration list for PBXNativeTarget "Demolition Derby" */ = {
			isa = XCConfigurationList;
			buildConfigurations = (
				AF52FA991CC29B2D00646CAD /* Debug */,
				AF52FA9A1CC29B2D00646CAD /* Release */,
			);
			defaultConfigurationIsVisible = 0;
			defaultConfigurationName = Release;
		};
/* End XCConfigurationList section */
	};
	rootObject = AF52FA7E1CC29B2D00646CAD /* Project object */;
}
